version = 1
revision = 3
requires-python = ">=3.14"

[[package]]
name = "fastapi-project"
version = "0.1.0"
source = { editable = "." }
dependencies = [
    { name = "pyjwt" },
    { name = "python-dotenv" },
]

[package.metadata]
requires-dist = [
    { name = "pyjwt", specifier = ">=2.14.0" },
    { name = "python-dotenv", specifier = ">=1.2.3" },
]

[[package]]
name = "pyjwt"
version = "2.14.0"
source = { registry = "https://pypi.org/simple" }
sdist = { url = "https://files.pythonhosted.org/packages/af/c3/8a3b59c25070cc61dc517fbdfa5dc0904670c96f605cc69759dc09166b99/pyjwt-2.14.0.tar.gz", hash = "sha256:77283c83fb56ecf566a886c757a714bc83668e38156de2cce8263302f42e0b86", size = 113177, upload-time = "2026-09-11T13:11:54.638Z" }
wheels = [
    { url = "https://files.pythonhosted.org/packages/9c/97/672cb32ce0dfea44b740cb7b4f97038463b9cf7c0ead1aacf595572851d6/pyjwt-2.14.0-py3-none-any.whl", hash = "sha256:ad0cef71c756a56e74863c2919cf0985f72decbcfcb550ee2f422e7c62b5eedc", size = 32896, upload-time = "2026-09-11T13:11:53.409Z" },
]

[[package]]
name = "python-dotenv"
version = "1.2.3"
source = { registry = "https://pypi.org/simple" }
sdist = { url = "https://files.pythonhosted.org/packages/6a/53/ed9d74092561d4b01a2ef1349d52cdbc135e526c245f366b089cfca6de49/python_dotenv-1.2.3.tar.gz", hash = "sha256:a20a594dabeaa385725aa239d5244871c143ecb356add8a20fcf23773a6c3a35", size = 58945, upload-time = "2026-08-16T16:54:54.067Z" }
wheels = [
    { url = "https://files.pythonhosted.org/packages/0d/17/c5c6b53ddc18f297992099b3d9ec16c855c0ccc83263a21fe4d1c625ec6c/python_dotenv-1.2.3-py3-none-any.whl", hash = "sha256:904552145e8bfed22162c09dab1c2b9b54fefa7b23ba780f4f26ca0316b0f0d9", size = 22780, upload-time = "2026-08-16T16:54:52.473Z" },
]
